Microsoft Visual Studio Solution File, Format Version 12.00
# Visual Studio Version 17
VisualStudioVersion = 17.5.2.0
MinimumVisualStudioVersion = 10.0.40219.1
Project("{FAE04EC0-301F-11D3-BF4B-00C04F79EFBC}") = "NotesAppBackend", "NotesAppBackend\NotesAppBackend.csproj", "{252DB267-9764-3CDE-A4FA-DEF4366967EE}"
EndProject
Global
	GlobalSection(SolutionConfigurationPlatforms) = preSolution
		Debug|Any CPU = Debug|Any CPU
		Release|Any CPU = Release|Any CPU
	EndGlobalSection
	GlobalSection(ProjectConfigurationPlatforms) = postSolution
		{252DB267-9764-3CDE-A4FA-DEF4366967EE}.Debug|Any CPU.ActiveCfg = Debug|Any CPU
		{252DB267-9764-3CDE-A4FA-DEF4366967EE}.Debug|Any CPU.Build.0 = Debug|Any CPU
		{252DB267-9764-3CDE-A4FA-DEF4366967EE}.Release|Any CPU.ActiveCfg = Release|Any CPU
		{252DB267-9764-3CDE-A4FA-DEF4366967EE}.Release|Any CPU.Build.0 = Release|Any CPU
	EndGlobalSection
	GlobalSection(SolutionProperties) = preSolution
		HideSolutionNode = FALSE
	EndGlobalSection
	GlobalSection(ExtensibilityGlobals) = postSolution
		SolutionGuid = {02C001A7-1CB4-4D90-9485-126753249487}
	EndGlobalSection
EndGlobal
